
Microsoft Visual Studio Solution File, Format Version 12.00
# Visual Studio 14
VisualStudioVersion = 14.0.25420.1
MinimumVisualStudioVersion = 10.0.40219.1
Project("{8BC9CEB8-8B4A-11D0-8D11-00A0C91BC942}") = "01_01_GetMinStack", "01_01_GetMinStack\01_01_GetMinStack.vcxproj", "{AE838DF0-DF2E-4329-8F95-03BE49EE9BC2}"
EndProject
Project("{8BC9CEB8-8B4A-11D0-8D11-00A0C91BC942}") = "01_03_ReverseStackUsingRecursive", "01_03_ReverseStackUsingRecursive\01_03_ReverseStackUsingRecursive.vcxproj", "{428BF39C-7860-4891-BD35-0FB171215BD8}"
EndProject
Project("{8BC9CEB8-8B4A-11D0-8D11-00A0C91BC942}") = "01_04_DogCatQueue", "01_04_DogCatQueue\01_04_DogCatQueue.vcxproj", "{C3C5C946-ACB6-4656-85BB-4F50D9DC665E}"
EndProject
Project("{8BC9CEB8-8B4A-11D0-8D11-00A0C91BC942}") = "01_05_StackSortStack", "01_05_StackSortStack\01_05_StackSortStack.vcxproj", "{0841BD72-9DF5-46AD-A4A8-0D0B3CFCBFD7}"
EndProject
Project("{8BC9CEB8-8B4A-11D0-8D11-00A0C91BC942}") = "01_07_SlidingWindowMaxArray", "01_06_SlidingWindowMaxArray\01_06_SlidingWindowMaxArray.vcxproj", "{EAFC0BE0-63B9-4BDD-A807-C86B7D1725E0}"
EndProject
Project("{8BC9CEB8-8B4A-11D0-8D11-00A0C91BC942}") = "01_09_MaximalRectangle", "01_09_MaximalRectangle\01_09_MaximalRectangle.vcxproj", "{B0F13450-6474-403D-BF18-AC9EFCCDAFCC}"
EndProject
Project("{8BC9CEB8-8B4A-11D0-8D11-00A0C91BC942}") = "02_01_PrintListCommonPart", "02_01_PrintListCommonPart\02_01_PrintListCommonPart.vcxproj", "{8310BAC1-2162-40B7-B7AA-F276F128B99B}"
EndProject
Project("{8BC9CEB8-8B4A-11D0-8D11-00A0C91BC942}") = "02_02_RemoveLastKthNode", "02_02_RemoveLastKthNode\02_02_RemoveLastKthNode.vcxproj", "{73AF4871-B546-4066-B46A-691D9E863B4B}"
EndProject
Project("{8BC9CEB8-8B4A-11D0-8D11-00A0C91BC942}") = "08_01_PrintMatrixSpiralOrder", "08_01_PrintMatrixSpiralOrder\08_01_PrintMatrixSpiralOrder.vcxproj", "{7B065A23-8B72-4C37-8134-CFFBC92FBD2F}"
EndProject
Project("{8BC9CEB8-8B4A-11D0-8D11-00A0C91BC942}") = "08_02_RotateMatrix", "08_02_RotateMatrix\08_02_RotateMatrix.vcxproj", "{74C37650-CE1D-4F3A-AA76-3AFCAC3F9505}"
EndProject
Project("{8BC9CEB8-8B4A-11D0-8D11-00A0C91BC942}") = "08_03_ZigZagPrintMatrix", "08_03_ZigZagPrintMatrix\08_03_ZigZagPrintMatrix.vcxproj", "{D15339B7-194E-46A2-8BB0-11F93E152A98}"
EndProject
Project("{8BC9CEB8-8B4A-11D0-8D11-00A0C91BC942}") = "07_01_SwapWithoutTmp", "07_01_SwapWithoutTmp\07_01_SwapWithoutTmp.vcxproj", "{249C62AA-DB7B-4B9F-B53C-4009083F2F10}"
EndProject
Project("{8BC9CEB8-8B4A-11D0-8D11-00A0C91BC942}") = "07_03_AddMinusMultiDivideByBit", "07_03_AddMinusMultiDivideByBit\07_03_AddMinusMultiDivideByBit.vcxproj", "{80061745-C34F-4160-AFD0-0E06D58E2AA0}"
EndProject
Project("{8BC9CEB8-8B4A-11D0-8D11-00A0C91BC942}") = "07_04_NumberOf1", "07_04_NumberOf1\07_04_NumberOf1.vcxproj", "{069D6811-1A3B-4B92-A20E-A96C3A38A5AC}"
EndProject
Project("{8BC9CEB8-8B4A-11D0-8D11-00A0C91BC942}") = "05_01_isDeformation", "05_01_isDeformation\05_01_isDeformation.vcxproj", "{D74AE047-2108-4E63-8E93-97878F7350CD}"
EndProject
Project("{8BC9CEB8-8B4A-11D0-8D11-00A0C91BC942}") = "05_02_AllNumbersSum", "05_02_AllNumbersSum\05_02_AllNumbersSum.vcxproj", "{6B60E41D-749A-4A46-B187-08C2341447F3}"
EndProject
Project("{8BC9CEB8-8B4A-11D0-8D11-00A0C91BC942}") = "05_03_RemoveKZeros", "05_03_RemoveKZeros\05_03_RemoveKZeros.vcxproj", "{7E549EE1-2C10-46F0-ACD3-69A5303A3918}"
EndProject
Project("{8BC9CEB8-8B4A-11D0-8D11-00A0C91BC942}") = "05_04_IsRotationString", "05_04_IsRotationString\05_04_IsRotationString.vcxproj", "{C2B84FF2-C35E-4C9A-98B4-B627367CD845}"
EndProject
Project("{8BC9CEB8-8B4A-11D0-8D11-00A0C91BC942}") = "05_05_ConvertStringToInteger", "05_05_ConvertStringToInteger\05_05_ConvertStringToInteger.vcxproj", "{4FEF1720-DDC8-4262-A8E0-6150E27AEED9}"
EndProject
Project("{8BC9CEB8-8B4A-11D0-8D11-00A0C91BC942}") = "04_01_FibonacciProblem", "04_01_FibonacciProblem\04_01_FibonacciProblem.vcxproj", "{BC63695A-2ED1-4A5F-A3A0-A692FA24C558}"
EndProject
Global
	GlobalSection(SolutionConfigurationPlatforms) = preSolution
		Debug|x64 = Debug|x64
		Debug|x86 = Debug|x86
		Release|x64 = Release|x64
		Release|x86 = Release|x86
	EndGlobalSection
	GlobalSection(ProjectConfigurationPlatforms) = postSolution
		{AE838DF0-DF2E-4329-8F95-03BE49EE9BC2}.Debug|x64.ActiveCfg = Debug|x64
		{AE838DF0-DF2E-4329-8F95-03BE49EE9BC2}.Debug|x64.Build.0 = Debug|x64
		{AE838DF0-DF2E-4329-8F95-03BE49EE9BC2}.Debug|x86.ActiveCfg = Debug|Win32
		{AE838DF0-DF2E-4329-8F95-03BE49EE9BC2}.Debug|x86.Build.0 = Debug|Win32
		{AE838DF0-DF2E-4329-8F95-03BE49EE9BC2}.Release|x64.ActiveCfg = Release|x64
		{AE838DF0-DF2E-4329-8F95-03BE49EE9BC2}.Release|x64.Build.0 = Release|x64
		{AE838DF0-DF2E-4329-8F95-03BE49EE9BC2}.Release|x86.ActiveCfg = Release|Win32
		{AE838DF0-DF2E-4329-8F95-03BE49EE9BC2}.Release|x86.Build.0 = Release|Win32
		{428BF39C-7860-4891-BD35-0FB171215BD8}.Debug|x64.ActiveCfg = Debug|x64
		{428BF39C-7860-4891-BD35-0FB171215BD8}.Debug|x64.Build.0 = Debug|x64
		{428BF39C-7860-4891-BD35-0FB171215BD8}.Debug|x86.ActiveCfg = Debug|Win32
		{428BF39C-7860-4891-BD35-0FB171215BD8}.Debug|x86.Build.0 = Debug|Win32
		{428BF39C-7860-4891-BD35-0FB171215BD8}.Release|x64.ActiveCfg = Release|x64
		{428BF39C-7860-4891-BD35-0FB171215BD8}.Release|x64.Build.0 = Release|x64
		{428BF39C-7860-4891-BD35-0FB171215BD8}.Release|x86.ActiveCfg = Release|Win32
		{428BF39C-7860-4891-BD35-0FB171215BD8}.Release|x86.Build.0 = Release|Win32
		{C3C5C946-ACB6-4656-85BB-4F50D9DC665E}.Debug|x64.ActiveCfg = Debug|x64
		{C3C5C946-ACB6-4656-85BB-4F50D9DC665E}.Debug|x64.Build.0 = Debug|x64
		{C3C5C946-ACB6-4656-85BB-4F50D9DC665E}.Debug|x86.ActiveCfg = Debug|Win32
		{C3C5C946-ACB6-4656-85BB-4F50D9DC665E}.Debug|x86.Build.0 = Debug|Win32
		{C3C5C946-ACB6-4656-85BB-4F50D9DC665E}.Release|x64.ActiveCfg = Release|x64
		{C3C5C946-ACB6-4656-85BB-4F50D9DC665E}.Release|x64.Build.0 = Release|x64
		{C3C5C946-ACB6-4656-85BB-4F50D9DC665E}.Release|x86.ActiveCfg = Release|Win32
		{C3C5C946-ACB6-4656-85BB-4F50D9DC665E}.Release|x86.Build.0 = Release|Win32
		{0841BD72-9DF5-46AD-A4A8-0D0B3CFCBFD7}.Debug|x64.ActiveCfg = Debug|x64
		{0841BD72-9DF5-46AD-A4A8-0D0B3CFCBFD7}.Debug|x64.Build.0 = Debug|x64
		{0841BD72-9DF5-46AD-A4A8-0D0B3CFCBFD7}.Debug|x86.ActiveCfg = Debug|Win32
		{0841BD72-9DF5-46AD-A4A8-0D0B3CFCBFD7}.Debug|x86.Build.0 = Debug|Win32
		{0841BD72-9DF5-46AD-A4A8-0D0B3CFCBFD7}.Release|x64.ActiveCfg = Release|x64
		{0841BD72-9DF5-46AD-A4A8-0D0B3CFCBFD7}.Release|x64.Build.0 = Release|x64
		{0841BD72-9DF5-46AD-A4A8-0D0B3CFCBFD7}.Release|x86.ActiveCfg = Release|Win32
		{0841BD72-9DF5-46AD-A4A8-0D0B3CFCBFD7}.Release|x86.Build.0 = Release|Win32
		{EAFC0BE0-63B9-4BDD-A807-C86B7D1725E0}.Debug|x64.ActiveCfg = Debug|x64
		{EAFC0BE0-63B9-4BDD-A807-C86B7D1725E0}.Debug|x64.Build.0 = Debug|x64
		{EAFC0BE0-63B9-4BDD-A807-C86B7D1725E0}.Debug|x86.ActiveCfg = Debug|Win32
		{EAFC0BE0-63B9-4BDD-A807-C86B7D1725E0}.Debug|x86.Build.0 = Debug|Win32
		{EAFC0BE0-63B9-4BDD-A807-C86B7D1725E0}.Release|x64.ActiveCfg = Release|x64
		{EAFC0BE0-63B9-4BDD-A807-C86B7D1725E0}.Release|x64.Build.0 = Release|x64
		{EAFC0BE0-63B9-4BDD-A807-C86B7D1725E0}.Release|x86.ActiveCfg = Release|Win32
		{EAFC0BE0-63B9-4BDD-A807-C86B7D1725E0}.Release|x86.Build.0 = Release|Win32
		{B0F13450-6474-403D-BF18-AC9EFCCDAFCC}.Debug|x64.ActiveCfg = Debug|x64
		{B0F13450-6474-403D-BF18-AC9EFCCDAFCC}.Debug|x64.Build.0 = Debug|x64
		{B0F13450-6474-403D-BF18-AC9EFCCDAFCC}.Debug|x86.ActiveCfg = Debug|Win32
		{B0F13450-6474-403D-BF18-AC9EFCCDAFCC}.Debug|x86.Build.0 = Debug|Win32
		{B0F13450-6474-403D-BF18-AC9EFCCDAFCC}.Release|x64.ActiveCfg = Release|x64
		{B0F13450-6474-403D-BF18-AC9EFCCDAFCC}.Release|x64.Build.0 = Release|x64
		{B0F13450-6474-403D-BF18-AC9EFCCDAFCC}.Release|x86.ActiveCfg = Release|Win32
		{B0F13450-6474-403D-BF18-AC9EFCCDAFCC}.Release|x86.Build.0 = Release|Win32
		{8310BAC1-2162-40B7-B7AA-F276F128B99B}.Debug|x64.ActiveCfg = Debug|x64
		{8310BAC1-2162-40B7-B7AA-F276F128B99B}.Debug|x64.Build.0 = Debug|x64
		{8310BAC1-2162-40B7-B7AA-F276F128B99B}.Debug|x86.ActiveCfg = Debug|Win32
		{8310BAC1-2162-40B7-B7AA-F276F128B99B}.Debug|x86.Build.0 = Debug|Win32
		{8310BAC1-2162-40B7-B7AA-F276F128B99B}.Release|x64.ActiveCfg = Release|x64
		{8310BAC1-2162-40B7-B7AA-F276F128B99B}.Release|x64.Build.0 = Release|x64
		{8310BAC1-2162-40B7-B7AA-F276F128B99B}.Release|x86.ActiveCfg = Release|Win32
		{8310BAC1-2162-40B7-B7AA-F276F128B99B}.Release|x86.Build.0 = Release|Win32
		{73AF4871-B546-4066-B46A-691D9E863B4B}.Debug|x64.ActiveCfg = Debug|x64
		{73AF4871-B546-4066-B46A-691D9E863B4B}.Debug|x64.Build.0 = Debug|x64
		{73AF4871-B546-4066-B46A-691D9E863B4B}.Debug|x86.ActiveCfg = Debug|Win32
		{73AF4871-B546-4066-B46A-691D9E863B4B}.Debug|x86.Build.0 = Debug|Win32
		{73AF4871-B546-4066-B46A-691D9E863B4B}.Release|x64.ActiveCfg = Release|x64
		{73AF4871-B546-4066-B46A-691D9E863B4B}.Release|x64.Build.0 = Release|x64
		{73AF4871-B546-4066-B46A-691D9E863B4B}.Release|x86.ActiveCfg = Release|Win32
		{73AF4871-B546-4066-B46A-691D9E863B4B}.Release|x86.Build.0 = Release|Win32
		{7B065A23-8B72-4C37-8134-CFFBC92FBD2F}.Debug|x64.ActiveCfg = Debug|x64
		{7B065A23-8B72-4C37-8134-CFFBC92FBD2F}.Debug|x64.Build.0 = Debug|x64
		{7B065A23-8B72-4C37-8134-CFFBC92FBD2F}.Debug|x86.ActiveCfg = Debug|Win32
		{7B065A23-8B72-4C37-8134-CFFBC92FBD2F}.Debug|x86.Build.0 = Debug|Win32
		{7B065A23-8B72-4C37-8134-CFFBC92FBD2F}.Release|x64.ActiveCfg = Release|x64
		{7B065A23-8B72-4C37-8134-CFFBC92FBD2F}.Release|x64.Build.0 = Release|x64
		{7B065A23-8B72-4C37-8134-CFFBC92FBD2F}.Release|x86.ActiveCfg = Release|Win32
		{7B065A23-8B72-4C37-8134-CFFBC92FBD2F}.Release|x86.Build.0 = Release|Win32
		{74C37650-CE1D-4F3A-AA76-3AFCAC3F9505}.Debug|x64.ActiveCfg = Debug|x64
		{74C37650-CE1D-4F3A-AA76-3AFCAC3F9505}.Debug|x64.Build.0 = Debug|x64
		{74C37650-CE1D-4F3A-AA76-3AFCAC3F9505}.Debug|x86.ActiveCfg = Debug|Win32
		{74C37650-CE1D-4F3A-AA76-3AFCAC3F9505}.Debug|x86.Build.0 = Debug|Win32
		{74C37650-CE1D-4F3A-AA76-3AFCAC3F9505}.Release|x64.ActiveCfg = Release|x64
		{74C37650-CE1D-4F3A-AA76-3AFCAC3F9505}.Release|x64.Build.0 = Release|x64
		{74C37650-CE1D-4F3A-AA76-3AFCAC3F9505}.Release|x86.ActiveCfg = Release|Win32
		{74C37650-CE1D-4F3A-AA76-3AFCAC3F9505}.Release|x86.Build.0 = Release|Win32
		{D15339B7-194E-46A2-8BB0-11F93E152A98}.Debug|x64.ActiveCfg = Debug|x64
		{D15339B7-194E-46A2-8BB0-11F93E152A98}.Debug|x64.Build.0 = Debug|x64
		{D15339B7-194E-46A2-8BB0-11F93E152A98}.Debug|x86.ActiveCfg = Debug|Win32
		{D15339B7-194E-46A2-8BB0-11F93E152A98}.Debug|x86.Build.0 = Debug|Win32
		{D15339B7-194E-46A2-8BB0-11F93E152A98}.Release|x64.ActiveCfg = Release|x64
		{D15339B7-194E-46A2-8BB0-11F93E152A98}.Release|x64.Build.0 = Release|x64
		{D15339B7-194E-46A2-8BB0-11F93E152A98}.Release|x86.ActiveCfg = Release|Win32
		{D15339B7-194E-46A2-8BB0-11F93E152A98}.Release|x86.Build.0 = Release|Win32
		{249C62AA-DB7B-4B9F-B53C-4009083F2F10}.Debug|x64.ActiveCfg = Debug|x64
		{249C62AA-DB7B-4B9F-B53C-4009083F2F10}.Debug|x64.Build.0 = Debug|x64
		{249C62AA-DB7B-4B9F-B53C-4009083F2F10}.Debug|x86.ActiveCfg = Debug|Win32
		{249C62AA-DB7B-4B9F-B53C-4009083F2F10}.Debug|x86.Build.0 = Debug|Win32
		{249C62AA-DB7B-4B9F-B53C-4009083F2F10}.Release|x64.ActiveCfg = Release|x64
		{249C62AA-DB7B-4B9F-B53C-4009083F2F10}.Release|x64.Build.0 = Release|x64
		{249C62AA-DB7B-4B9F-B53C-4009083F2F10}.Release|x86.ActiveCfg = Release|Win32
		{249C62AA-DB7B-4B9F-B53C-4009083F2F10}.Release|x86.Build.0 = Release|Win32
		{80061745-C34F-4160-AFD0-0E06D58E2AA0}.Debug|x64.ActiveCfg = Debug|x64
		{80061745-C34F-4160-AFD0-0E06D58E2AA0}.Debug|x64.Build.0 = Debug|x64
		{80061745-C34F-4160-AFD0-0E06D58E2AA0}.Debug|x86.ActiveCfg = Debug|Win32
		{80061745-C34F-4160-AFD0-0E06D58E2AA0}.Debug|x86.Build.0 = Debug|Win32
		{80061745-C34F-4160-AFD0-0E06D58E2AA0}.Release|x64.ActiveCfg = Release|x64
		{80061745-C34F-4160-AFD0-0E06D58E2AA0}.Release|x64.Build.0 = Release|x64
		{80061745-C34F-4160-AFD0-0E06D58E2AA0}.Release|x86.ActiveCfg = Release|Win32
		{80061745-C34F-4160-AFD0-0E06D58E2AA0}.Release|x86.Build.0 = Release|Win32
		{069D6811-1A3B-4B92-A20E-A96C3A38A5AC}.Debug|x64.ActiveCfg = Debug|x64
		{069D6811-1A3B-4B92-A20E-A96C3A38A5AC}.Debug|x64.Build.0 = Debug|x64
		{069D6811-1A3B-4B92-A20E-A96C3A38A5AC}.Debug|x86.ActiveCfg = Debug|Win32
		{069D6811-1A3B-4B92-A20E-A96C3A38A5AC}.Debug|x86.Build.0 = Debug|Win32
		{069D6811-1A3B-4B92-A20E-A96C3A38A5AC}.Release|x64.ActiveCfg = Release|x64
		{069D6811-1A3B-4B92-A20E-A96C3A38A5AC}.Release|x64.Build.0 = Release|x64
		{069D6811-1A3B-4B92-A20E-A96C3A38A5AC}.Release|x86.ActiveCfg = Release|Win32
		{069D6811-1A3B-4B92-A20E-A96C3A38A5AC}.Release|x86.Build.0 = Release|Win32
		{D74AE047-2108-4E63-8E93-97878F7350CD}.Debug|x64.ActiveCfg = Debug|x64
		{D74AE047-2108-4E63-8E93-97878F7350CD}.Debug|x64.Build.0 = Debug|x64
		{D74AE047-2108-4E63-8E93-97878F7350CD}.Debug|x86.ActiveCfg = Debug|Win32
		{D74AE047-2108-4E63-8E93-97878F7350CD}.Debug|x86.Build.0 = Debug|Win32
		{D74AE047-2108-4E63-8E93-97878F7350CD}.Release|x64.ActiveCfg = Release|x64
		{D74AE047-2108-4E63-8E93-97878F7350CD}.Release|x64.Build.0 = Release|x64
		{D74AE047-2108-4E63-8E93-97878F7350CD}.Release|x86.ActiveCfg = Release|Win32
		{D74AE047-2108-4E63-8E93-97878F7350CD}.Release|x86.Build.0 = Release|Win32
		{6B60E41D-749A-4A46-B187-08C2341447F3}.Debug|x64.ActiveCfg = Debug|x64
		{6B60E41D-749A-4A46-B187-08C2341447F3}.Debug|x64.Build.0 = Debug|x64
		{6B60E41D-749A-4A46-B187-08C2341447F3}.Debug|x86.ActiveCfg = Debug|Win32
		{6B60E41D-749A-4A46-B187-08C2341447F3}.Debug|x86.Build.0 = Debug|Win32
		{6B60E41D-749A-4A46-B187-08C2341447F3}.Release|x64.ActiveCfg = Release|x64
		{6B60E41D-749A-4A46-B187-08C2341447F3}.Release|x64.Build.0 = Release|x64
		{6B60E41D-749A-4A46-B187-08C2341447F3}.Release|x86.ActiveCfg = Release|Win32
		{6B60E41D-749A-4A46-B187-08C2341447F3}.Release|x86.Build.0 = Release|Win32
		{7E549EE1-2C10-46F0-ACD3-69A5303A3918}.Debug|x64.ActiveCfg = Debug|x64
		{7E549EE1-2C10-46F0-ACD3-69A5303A3918}.Debug|x64.Build.0 = Debug|x64
		{7E549EE1-2C10-46F0-ACD3-69A5303A3918}.Debug|x86.ActiveCfg = Debug|Win32
		{7E549EE1-2C10-46F0-ACD3-69A5303A3918}.Debug|x86.Build.0 = Debug|Win32
		{7E549EE1-2C10-46F0-ACD3-69A5303A3918}.Release|x64.ActiveCfg = Release|x64
		{7E549EE1-2C10-46F0-ACD3-69A5303A3918}.Release|x64.Build.0 = Release|x64
		{7E549EE1-2C10-46F0-ACD3-69A5303A3918}.Release|x86.ActiveCfg = Release|Win32
		{7E549EE1-2C10-46F0-ACD3-69A5303A3918}.Release|x86.Build.0 = Release|Win32
		{C2B84FF2-C35E-4C9A-98B4-B627367CD845}.Debug|x64.ActiveCfg = Debug|x64
		{C2B84FF2-C35E-4C9A-98B4-B627367CD845}.Debug|x64.Build.0 = Debug|x64
		{C2B84FF2-C35E-4C9A-98B4-B627367CD845}.Debug|x86.ActiveCfg = Debug|Win32
		{C2B84FF2-C35E-4C9A-98B4-B627367CD845}.Debug|x86.Build.0 = Debug|Win32
		{C2B84FF2-C35E-4C9A-98B4-B627367CD845}.Release|x64.ActiveCfg = Release|x64
		{C2B84FF2-C35E-4C9A-98B4-B627367CD845}.Release|x64.Build.0 = Release|x64
		{C2B84FF2-C35E-4C9A-98B4-B627367CD845}.Release|x86.ActiveCfg = Release|Win32
		{C2B84FF2-C35E-4C9A-98B4-B627367CD845}.Release|x86.Build.0 = Release|Win32
		{4FEF1720-DDC8-4262-A8E0-6150E27AEED9}.Debug|x64.ActiveCfg = Debug|x64
		{4FEF1720-DDC8-4262-A8E0-6150E27AEED9}.Debug|x64.Build.0 = Debug|x64
		{4FEF1720-DDC8-4262-A8E0-6150E27AEED9}.Debug|x86.ActiveCfg = Debug|Win32
		{4FEF1720-DDC8-4262-A8E0-6150E27AEED9}.Debug|x86.Build.0 = Debug|Win32
		{4FEF1720-DDC8-4262-A8E0-6150E27AEED9}.Release|x64.ActiveCfg = Release|x64
		{4FEF1720-DDC8-4262-A8E0-6150E27AEED9}.Release|x64.Build.0 = Release|x64
		{4FEF1720-DDC8-4262-A8E0-6150E27AEED9}.Release|x86.ActiveCfg = Release|Win32
		{4FEF1720-DDC8-4262-A8E0-6150E27AEED9}.Release|x86.Build.0 = Release|Win32
		{BC63695A-2ED1-4A5F-A3A0-A692FA24C558}.Debug|x64.ActiveCfg = Debug|x64
		{BC63695A-2ED1-4A5F-A3A0-A692FA24C558}.Debug|x64.Build.0 = Debug|x64
		{BC63695A-2ED1-4A5F-A3A0-A692FA24C558}.Debug|x86.ActiveCfg = Debug|Win32
		{BC63695A-2ED1-4A5F-A3A0-A692FA24C558}.Debug|x86.Build.0 = Debug|Win32
		{BC63695A-2ED1-4A5F-A3A0-A692FA24C558}.Release|x64.ActiveCfg = Release|x64
		{BC63695A-2ED1-4A5F-A3A0-A692FA24C558}.Release|x64.Build.0 = Release|x64
		{BC63695A-2ED1-4A5F-A3A0-A692FA24C558}.Release|x86.ActiveCfg = Release|Win32
		{BC63695A-2ED1-4A5F-A3A0-A692FA24C558}.Release|x86.Build.0 = Release|Win32
	EndGlobalSection
	GlobalSection(SolutionProperties) = preSolution
		HideSolutionNode = FALSE
	EndGlobalSection
EndGlobal
